
Microsoft Visual Studio Solution File, Format Version 12.00
# Visual Studio Version 17
VisualStudioVersion = 17.7.34031.279
MinimumVisualStudioVersion = 10.0.40219.1
Project("{FAE04EC0-301F-11D3-BF4B-00C04F79EFBC}") = "PuntoVentaV2", "PuntoVentaV2\PuntoVentaV2.csproj", "{ECF5FEAF-A0C2-4D56-9ED8-AB21D53D9EAB}"
EndProject
Global
	GlobalSection(SolutionConfigurationPlatforms) = preSolution
		Debug|Any CPU = Debug|Any CPU
		Release|Any CPU = Release|Any CPU
	EndGlobalSection
	GlobalSection(ProjectConfigurationPlatforms) = postSolution
		{ECF5FEAF-A0C2-4D56-9ED8-AB21D53D9EAB}.Debug|Any CPU.ActiveCfg = Debug|Any CPU
		{ECF5FEAF-A0C2-4D56-9ED8-AB21D53D9EAB}.Debug|Any CPU.Build.0 = Debug|Any CPU
		{ECF5FEAF-A0C2-4D56-9ED8-AB21D53D9EAB}.Release|Any CPU.ActiveCfg = Release|Any CPU
		{ECF5FEAF-A0C2-4D56-9ED8-AB21D53D9EAB}.Release|Any CPU.Build.0 = Release|Any CPU
	EndGlobalSection
	GlobalSection(SolutionProperties) = preSolution
		HideSolutionNode = FALSE
	EndGlobalSection
	GlobalSection(ExtensibilityGlobals) = postSolution
		SolutionGuid = {363E7296-CC1A-4C1C-8EC7-CDD12A49C834}
	EndGlobalSection
EndGlobal
